{
  "nodes": {
    "nixpkgs": {
      "locked": {
        "lastModified": 1732012989,
        "narHash": "sha256-ehZvXwABl3rdLspF4onwwsHHvrwDA4GMQSiq9lFWIaU=",
        "owner": "NixOS",
        "repo": "nixpkgs",
        "rev": "dd78a15b79aa3f741d16deadf209f6074938af82",
        "type": "github"
      },
      "original": {
        "owner": "NixOS",
        "repo": "nixpkgs",
        "rev": "dd78a15b79aa3f741d16deadf209f6074938af82",
        "type": "github"
      }
    },
    "root": {
      "inputs": {
        "nixpkgs": "nixpkgs"
      }
    }
  },
  "root": "root",
  "version": 7
}
